Microsoft Visual Studio Solution File, Format Version 12.00
# Visual Studio Version 17
VisualStudioVersion = 17.5.2.0
MinimumVisualStudioVersion = 10.0.40219.1
Project("{FAE04EC0-301F-11D3-BF4B-00C04F79EFBC}") = "some_service", "some_service.csproj", "{0DB915A8-BC69-3A2F-4098-937334AD8BDB}"
EndProject
Global
	GlobalSection(SolutionConfigurationPlatforms) = preSolution
		Debug|Any CPU = Debug|Any CPU
		Release|Any CPU = Release|Any CPU
	EndGlobalSection
	GlobalSection(ProjectConfigurationPlatforms) = postSolution
		{0DB915A8-BC69-3A2F-4098-937334AD8BDB}.Debug|Any CPU.ActiveCfg = Debug|Any CPU
		{0DB915A8-BC69-3A2F-4098-937334AD8BDB}.Debug|Any CPU.Build.0 = Debug|Any CPU
		{0DB915A8-BC69-3A2F-4098-937334AD8BDB}.Release|Any CPU.ActiveCfg = Release|Any CPU
		{0DB915A8-BC69-3A2F-4098-937334AD8BDB}.Release|Any CPU.Build.0 = Release|Any CPU
	EndGlobalSection
	GlobalSection(SolutionProperties) = preSolution
		HideSolutionNode = FALSE
	EndGlobalSection
	GlobalSection(ExtensibilityGlobals) = postSolution
		SolutionGuid = {2AE71897-C199-4073-B039-188FAFA60283}
	EndGlobalSection
EndGlobal
